
Microsoft Visual Studio Solution File, Format Version 12.00
# Visual Studio Version 17
VisualStudioVersion = 17.7.34031.279
MinimumVisualStudioVersion = 10.0.40219.1
Project("{FAE04EC0-301F-11D3-BF4B-00C04F79EFBC}") = "makeTags", "makeTags.csproj", "{90BFBF4F-E938-40A5-9C95-00F9A56AD0D8}"
EndProject
Global
	GlobalSection(SolutionConfigurationPlatforms) = preSolution
		Debug|Any CPU = Debug|Any CPU
		Release|Any CPU = Release|Any CPU
	EndGlobalSection
	GlobalSection(ProjectConfigurationPlatforms) = postSolution
		{90BFBF4F-E938-40A5-9C95-00F9A56AD0D8}.Debug|Any CPU.ActiveCfg = Debug|Any CPU
		{90BFBF4F-E938-40A5-9C95-00F9A56AD0D8}.Debug|Any CPU.Build.0 = Debug|Any CPU
		{90BFBF4F-E938-40A5-9C95-00F9A56AD0D8}.Release|Any CPU.ActiveCfg = Release|Any CPU
		{90BFBF4F-E938-40A5-9C95-00F9A56AD0D8}.Release|Any CPU.Build.0 = Release|Any CPU
	EndGlobalSection
	GlobalSection(SolutionProperties) = preSolution
		HideSolutionNode = FALSE
	EndGlobalSection
	GlobalSection(ExtensibilityGlobals) = postSolution
		SolutionGuid = {74A97D01-50E3-4069-B286-3FB52E641525}
	EndGlobalSection
EndGlobal
